
Microsoft Visual Studio Solution File, Format Version 12.00
# Visual Studio Version 16
VisualStudioVersion = 16.0.31129.286
MinimumVisualStudioVersion = 10.0.40219.1
Project("{FAE04EC0-301F-11D3-BF4B-00C04F79EFBC}") = "Taş Kağıt Makas Makine Öğrenmesi ( Online Sıralama )", "Taş Kağıt Makas Makine Öğrenmesi ( Online Sıralama )\Taş Kağıt Makas Makine Öğrenmesi ( Online Sıralama ).csproj", "{C679B145-E967-449D-9FB8-9718EDAB0CF4}"
EndProject
Global
	GlobalSection(SolutionConfigurationPlatforms) = preSolution
		Debug|Any CPU = Debug|Any CPU
		Release|Any CPU = Release|Any CPU
	EndGlobalSection
	GlobalSection(ProjectConfigurationPlatforms) = postSolution
		{C679B145-E967-449D-9FB8-9718EDAB0CF4}.Debug|Any CPU.ActiveCfg = Debug|Any CPU
		{C679B145-E967-449D-9FB8-9718EDAB0CF4}.Debug|Any CPU.Build.0 = Debug|Any CPU
		{C679B145-E967-449D-9FB8-9718EDAB0CF4}.Release|Any CPU.ActiveCfg = Release|Any CPU
		{C679B145-E967-449D-9FB8-9718EDAB0CF4}.Release|Any CPU.Build.0 = Release|Any CPU
	EndGlobalSection
	GlobalSection(SolutionProperties) = preSolution
		HideSolutionNode = FALSE
	EndGlobalSection
	GlobalSection(ExtensibilityGlobals) = postSolution
		SolutionGuid = {DCE894C7-475C-421D-B27E-7030884435D7}
	EndGlobalSection
EndGlobal
